github.com/donomii/goof v0.0.0-20241124064022-84f417f466df h1:E7wMk63HGHhk5wzNRDkwnckq1aFXDRXeZNfuJQf/NVE=
github.com/donomii/goof v0.0.0-20241124064022-84f417f466df/go.mod h1:ZgIjtvUfBzQ+0aQmB+UWVb2fhB0HmbFwu76laXvZLAY=
github.com/google/uuid v1.6.0 h1:NIvaJDMOsjHA8n1jAhLSgzrAzy1Hgr+hNrb57e+94F0=
github.com/google/uuid v1.6.0/go.mod h1:TIyPZe4MgqvfeYDBFedMoGGpEw/LqOeaOT+nhxU+yHo=
github.com/mostlygeek/arp v0.0.0-20170424181311-541a2129847a h1:AfneHvfmYgUIcgdUrrDFklLdEzQAvG9AKRTe1x1mx/0=
github.com/mostlygeek/arp v0.0.0-20170424181311-541a2129847a/go.mod h1:jZxafo9CAqaKFQE4zitrg5QNlA6CXUsjwXPlIppF3tk=
gitlab.com/donomii/menu v0.0.0-20250906201021-d8b5061f46a9 h1:AuI/+rBijNPxOVdXz5UCagq4UlKXCE/1HLz8ccajWBo=
gitlab.com/donomii/menu v0.0.0-20250906201021-d8b5061f46a9/go.mod h1:hS80IQfbyA9ssfvI26e8KJGqKb7ht7vC2jHfoQxhc08=
golang.org/x/sync v0.17.0 h1:l60nONMj9l5drqw6jlhIELNv9I0A4OFgRsG9k2oT9Ug=
golang.org/x/sync v0.17.0/go.mod h1:9KTHXmSnoGruLpwFjVSX0lNNA75CykiMECbovNTZqGI=
